// !$*UTF8*$!
{
	archiveVersion = 1;
	classes = {
	};
	objectVersion = 50;
	objects = {

/* Begin PBXBuildFile section */
		31E65EB82592E9BF00BC156B /* AppDelegate.m in Sources */ = {isa = PBXBuildFile; fileRef = 31E65EB72592E9BF00BC156B /* AppDelegate.m */; };
		31E65EBB2592E9BF00BC156B /* ViewController.m in Sources */ = {isa = PBXBuildFile; fileRef = 31E65EBA2592E9BF00BC156B /* ViewController.m */; };
		31E65EBD2592E9C200BC156B /* Assets.xcassets in Resources */ = {isa = PBXBuildFile; fileRef = 31E65EBC2592E9C200BC156B /* Assets.xcassets */; };
		31E65EC02592E9C200BC156B /* Main.storyboard in Resources */ = {isa = PBXBuildFile; fileRef = 31E65EBE2592E9C200BC156B /* Main.storyboard */; };
		31E65EC32592E9C200BC156B /* main.m in Sources */ = {isa = PBXBuildFile; fileRef = 31E65EC22592E9C200BC156B /* main.m */; };
/* End PBXBuildFile section */

/* Begin PBXFileReference section */
		31E65EB32592E9BF00BC156B /* XAlignNew.app */ = {isa = PBXFileReference; explicitFileType = wrapper.application; includeInIndex = 0; path = XAlignNew.app; sourceTree = BUILT_PRODUCTS_DIR; };
		31E65EB62592E9BF00BC156B /* AppDelegate.h */ = {isa = PBXFileReference; lastKnownFileType = sourcecode.c.h; path = AppDelegate.h; sourceTree = "<group>"; };
		31E65EB72592E9BF00BC156B /* AppDelegate.m */ = {isa = PBXFileReference; lastKnownFileType = sourcecode.c.objc; path = AppDelegate.m; sourceTree = "<group>"; };
		31E65EB92592E9BF00BC156B /* ViewController.h */ = {isa = PBXFileReference; lastKnownFileType = sourcecode.c.h; path = ViewController.h; sourceTree = "<group>"; };
		31E65EBA2592E9BF00BC156B /* ViewController.m */ = {isa = PBXFileReference; lastKnownFileType = sourcecode.c.objc; path = ViewController.m; sourceTree = "<group>"; };
		31E65EBC2592E9C200BC156B /* Assets.xcassets */ = {isa = PBXFileReference; lastKnownFileType = folder.assetcatalog; path = Assets.xcassets; sourceTree = "<group>"; };
		31E65EBF2592E9C200BC156B /* Base */ = {isa = PBXFileReference; lastKnownFileType = file.storyboard; name = Base; path = Base.lproj/Main.storyboard; sourceTree = "<group>"; };
		31E65EC12592E9C200BC156B /* Info.plist */ = {isa = PBXFileReference; lastKnownFileType = text.plist.xml; path = Info.plist; sourceTree = "<group>"; };
		31E65EC22592E9C200BC156B /* main.m */ = {isa = PBXFileReference; lastKnownFileType = sourcecode.c.objc; path = main.m; sourceTree = "<group>"; };
		31E65EC42592E9C200BC156B /* XAlignNew.entitlements */ = {isa = PBXFileReference; lastKnownFileType = text.plist.entitlements; path = XAlignNew.entitlements; sourceTree = "<group>"; };
/* End PBXFileReference section */

/* Begin PBXFrameworksBuildPhase section */
		31E65EB02592E9BF00BC156B /* Frameworks */ = {
			isa = PBXFrameworksBuildPhase;
			buildActionMask = 2147483647;
			files = (
			);
			runOnlyForDeploymentPostprocessing = 0;
		};
/* End PBXFrameworksBuildPhase section */

/* Begin PBXGroup section */
		31E65EAA2592E9BF00BC156B = {
			isa = PBXGroup;
			children = (
				31E65EB52592E9BF00BC156B /* XAlignNew */,
				31E65EB42592E9BF00BC156B /* Products */,
			);
			sourceTree = "<group>";
		};
		31E65EB42592E9BF00BC156B /* Products */ = {
			isa = PBXGroup;
			children = (
				31E65EB32592E9BF00BC156B /* XAlignNew.app */,
			);
			name = Products;
			sourceTree = "<group>";
		};
		31E65EB52592E9BF00BC156B /* XAlignNew */ = {
			isa = PBXGroup;
			children = (
				31E65EB62592E9BF00BC156B /* AppDelegate.h */,
				31E65EB72592E9BF00BC156B /* AppDelegate.m */,
				31E65EB92592E9BF00BC156B /* ViewController.h */,
				31E65EBA2592E9BF00BC156B /* ViewController.m */,
				31E65EBC2592E9C200BC156B /* Assets.xcassets */,
				31E65EBE2592E9C200BC156B /* Main.storyboard */,
				31E65EC12592E9C200BC156B /* Info.plist */,
				31E65EC22592E9C200BC156B /* main.m */,
				31E65EC42592E9C200BC156B /* XAlignNew.entitlements */,
			);
			path = XAlignNew;
			sourceTree = "<group>";
		};
/* End PBXGroup section */

/* Begin PBXNativeTarget section */
		31E65EB22592E9BF00BC156B /* XAlignNew */ = {
			isa = PBXNativeTarget;
			buildConfigurationList = 31E65EC72592E9C200BC156B /* Build configuration list for PBXNativeTarget "XAlignNew" */;
			buildPhases = (
				31E65EAF2592E9BF00BC156B /* Sources */,
				31E65EB02592E9BF00BC156B /* Frameworks */,
				31E65EB12592E9BF00BC156B /* Resources */,
			);
			buildRules = (
			);
			dependencies = (
			);
			name = XAlignNew;
			productName = XAlignNew;
			productReference = 31E65EB32592E9BF00BC156B /* XAlignNew.app */;
			productType = "com.apple.product-type.application";
		};
/* End PBXNativeTarget section */

/* Begin PBXProject section */
		31E65EAB2592E9BF00BC156B /* Project object */ = {
			isa = PBXProject;
			attributes = {
				LastUpgradeCheck = 1230;
				TargetAttributes = {
					31E65EB22592E9BF00BC156B = {
						CreatedOnToolsVersion = 12.3;
					};
				};
			};
			buildConfigurationList = 31E65EAE2592E9BF00BC156B /* Build configuration list for PBXProject "XAlignNew" */;
			compatibilityVersion = "Xcode 9.3";
			developmentRegion = en;
			hasScannedForEncodings = 0;
			knownRegions = (
				en,
				Base,
			);
			mainGroup = 31E65EAA2592E9BF00BC156B;
			productRefGroup = 31E65EB42592E9BF00BC156B /* Products */;
			projectDirPath = "";
			projectRoot = "";
			targets = (
				31E65EB22592E9BF00BC156B /* XAlignNew */,
			);
		};
/* End PBXProject section */

/* Begin PBXResourcesBuildPhase section */
		31E65EB12592E9BF00BC156B /* Resources */ = {
			isa = PBXResourcesBuildPhase;
			buildActionMask = 2147483647;
			files = (
				31E65EBD2592E9C200BC156B /* Assets.xcassets in Resources */,
				31E65EC02592E9C200BC156B /* Main.storyboard in Resources */,
			);
			runOnlyForDeploymentPostprocessing = 0;
		};
/* End PBXResourcesBuildPhase section */

/* Begin PBXSourcesBuildPhase section */
		31E65EAF2592E9BF00BC156B /* Sources */ = {
			isa = PBXSourcesBuildPhase;
			buildActionMask = 2147483647;
			files = (
				31E65EBB2592E9BF00BC156B /* ViewController.m in Sources */,
				31E65EC32592E9C200BC156B /* main.m in Sources */,
				31E65EB82592E9BF00BC156B /* AppDelegate.m in Sources */,
			);
			runOnlyForDeploymentPostprocessing = 0;
		};
/* End PBXSourcesBuildPhase section */

/* Begin PBXVariantGroup section */
		31E65EBE2592E9C200BC156B /* Main.storyboard */ = {
			isa = PBXVariantGroup;
			children = (
				31E65EBF2592E9C200BC156B /* Base */,
			);
			name = Main.storyboard;
			sourceTree = "<group>";
		};
/* End PBXVariantGroup section */

/* Begin XCBuildConfiguration section */
		31E65EC52592E9C200BC156B /* Debug */ = {
			isa = XCBuildConfiguration;
			buildSettings = {
				ALWAYS_SEARCH_USER_PATHS = NO;
				CLANG_ANALYZER_NONNULL = YES;
				CLANG_ANALYZER_NUMBER_OBJECT_CONVERSION = YES_AGGRESSIVE;
				CLANG_CXX_LANGUAGE_STANDARD = "gnu++14";
				CLANG_CXX_LIBRARY = "libc++";
				CLANG_ENABLE_MODULES = YES;
				CLANG_ENABLE_OBJC_ARC = YES;
				CLANG_ENABLE_OBJC_WEAK = YES;
				CLANG_WARN_BLOCK_CAPTURE_AUTORELEASING = YES;
				CLANG_WARN_BOOL_CONVERSION = YES;
				CLANG_WARN_COMMA = YES;
				CLANG_WARN_CONSTANT_CONVERSION = YES;
				CLANG_WARN_DEPRECATED_OBJC_IMPLEMENTATIONS = YES;
				CLANG_WARN_DIRECT_OBJC_ISA_USAGE = YES_ERROR;
				CLANG_WARN_DOCUMENTATION_COMMENTS = YES;
				CLANG_WARN_EMPTY_BODY = YES;
				CLANG_WARN_ENUM_CONVERSION = YES;
				CLANG_WARN_INFINITE_RECURSION = YES;
				CLANG_WARN_INT_CONVERSION = YES;
				CLANG_WARN_NON_LITERAL_NULL_CONVERSION = YES;
				CLANG_WARN_OBJC_IMPLICIT_RETAIN_SELF = YES;
				CLANG_WARN_OBJC_LITERAL_CONVERSION = YES;
				CLANG_WARN_OBJC_ROOT_CLASS = YES_ERROR;
				CLANG_WARN_QUOTED_INCLUDE_IN_FRAMEWORK_HEADER = YES;
				CLANG_WARN_RANGE_LOOP_ANALYSIS = YES;
				CLANG_WARN_STRICT_PROTOTYPES = YES;
				CLANG_WARN_SUSPICIOUS_MOVE = YES;
				CLANG_WARN_UNGUARDED_AVAILABILITY = YES_AGGRESSIVE;
				CLANG_WARN_UNREACHABLE_CODE = YES;
				CLANG_WARN__DUPLICATE_METHOD_MATCH = YES;
				COPY_PHASE_STRIP = NO;
				DEBUG_INFORMATION_FORMAT = dwarf;
				ENABLE_STRICT_OBJC_MSGSEND = YES;
				ENABLE_TESTABILITY = YES;
				GCC_C_LANGUAGE_STANDARD = gnu11;
				GCC_DYNAMIC_NO_PIC = NO;
				GCC_NO_COMMON_BLOCKS = YES;
				GCC_OPTIMIZATION_LEVEL = 0;
				GCC_PREPROCESSOR_DEFINITIONS = (
					"DEBUG=1",
					"$(inherited)",
				);
				GCC_WARN_64_TO_32_BIT_CONVERSION = YES;
				GCC_WARN_ABOUT_RETURN_TYPE = YES_ERROR;
				GCC_WARN_UNDECLARED_SELECTOR = YES;
				GCC_WARN_UNINITIALIZED_AUTOS = YES_AGGRESSIVE;
				GCC_WARN_UNUSED_FUNCTION = YES;
				GCC_WARN_UNUSED_VARIABLE = YES;
				MACOSX_DEPLOYMENT_TARGET = 11.0;
				MTL_ENABLE_DEBUG_INFO = INCLUDE_SOURCE;
				MTL_FAST_MATH = YES;
				ONLY_ACTIVE_ARCH = YES;
				SDKROOT = macosx;
			};
			name = Debug;
		};
		31E65EC62592E9C200BC156B /* Release */ = {
			isa = XCBuildConfiguration;
			buildSettings = {
				ALWAYS_SEARCH_USER_PATHS = NO;
				CLANG_ANALYZER_NONNULL = YES;
				CLANG_ANALYZER_NUMBER_OBJECT_CONVERSION = YES_AGGRESSIVE;
				CLANG_CXX_LANGUAGE_STANDARD = "gnu++14";
				CLANG_CXX_LIBRARY = "libc++";
				CLANG_ENABLE_MODULES = YES;
				CLANG_ENABLE_OBJC_ARC = YES;
				CLANG_ENABLE_OBJC_WEAK = YES;
				CLANG_WARN_BLOCK_CAPTURE_AUTORELEASING = YES;
				CLANG_WARN_BOOL_CONVERSION = YES;
				CLANG_WARN_COMMA = YES;
				CLANG_WARN_CONSTANT_CONVERSION = YES;
				CLANG_WARN_DEPRECATED_OBJC_IMPLEMENTATIONS = YES;
				CLANG_WARN_DIRECT_OBJC_ISA_USAGE = YES_ERROR;
				CLANG_WARN_DOCUMENTATION_COMMENTS = YES;
				CLANG_WARN_EMPTY_BODY = YES;
				CLANG_WARN_ENUM_CONVERSION = YES;
				CLANG_WARN_INFINITE_RECURSION = YES;
				CLANG_WARN_INT_CONVERSION = YES;
				CLANG_WARN_NON_LITERAL_NULL_CONVERSION = YES;
				CLANG_WARN_OBJC_IMPLICIT_RETAIN_SELF = YES;
				CLANG_WARN_OBJC_LITERAL_CONVERSION = YES;
				CLANG_WARN_OBJC_ROOT_CLASS = YES_ERROR;
				CLANG_WARN_QUOTED_INCLUDE_IN_FRAMEWORK_HEADER = YES;
				CLANG_WARN_RANGE_LOOP_ANALYSIS = YES;
				CLANG_WARN_STRICT_PROTOTYPES = YES;
				CLANG_WARN_SUSPICIOUS_MOVE = YES;
				CLANG_WARN_UNGUARDED_AVAILABILITY = YES_AGGRESSIVE;
				CLANG_WARN_UNREACHABLE_CODE = YES;
				CLANG_WARN__DUPLICATE_METHOD_MATCH = YES;
				COPY_PHASE_STRIP = NO;
				DEBUG_INFORMATION_FORMAT = "dwarf-with-dsym";
				ENABLE_NS_ASSERTIONS = NO;
				ENABLE_STRICT_OBJC_MSGSEND = YES;
				GCC_C_LANGUAGE_STANDARD = gnu11;
				GCC_NO_COMMON_BLOCKS = YES;
				GCC_WARN_64_TO_32_BIT_CONVERSION = YES;
				GCC_WARN_ABOUT_RETURN_TYPE = YES_ERROR;
				GCC_WARN_UNDECLARED_SELECTOR = YES;
				GCC_WARN_UNINITIALIZED_AUTOS = YES_AGGRESSIVE;
				GCC_WARN_UNUSED_FUNCTION = YES;
				GCC_WARN_UNUSED_VARIABLE = YES;
				MACOSX_DEPLOYMENT_TARGET = 11.0;
				MTL_ENABLE_DEBUG_INFO = NO;
				MTL_FAST_MATH = YES;
				SDKROOT = macosx;
			};
			name = Release;
		};
		31E65EC82592E9C200BC156B /* Debug */ = {
			isa = XCBuildConfiguration;
			buildSettings = {
				ASSETCATALOG_COMPILER_APPICON_NAME = AppIcon;
				ASSETCATALOG_COMPILER_GLOBAL_ACCENT_COLOR_NAME = AccentColor;
				CODE_SIGN_ENTITLEMENTS = XAlignNew/XAlignNew.entitlements;
				CODE_SIGN_STYLE = Automatic;
				COMBINE_HIDPI_IMAGES = YES;
				DEVELOPMENT_TEAM = 57E3993B9H;
				ENABLE_HARDENED_RUNTIME = YES;
				INFOPLIST_FILE = XAlignNew/Info.plist;
				LD_RUNPATH_SEARCH_PATHS = (
					"$(inherited)",
					"@executable_path/../Frameworks",
				);
				PRODUCT_BUNDLE_IDENTIFIER = come.lxl.XAlignNew;
				PRODUCT_NAME = "$(TARGET_NAME)";
			};
			name = Debug;
		};
		31E65EC92592E9C200BC156B /* Release */ = {
			isa = XCBuildConfiguration;
			buildSettings = {
				ASSETCATALOG_COMPILER_APPICON_NAME = AppIcon;
				ASSETCATALOG_COMPILER_GLOBAL_ACCENT_COLOR_NAME = AccentColor;
				CODE_SIGN_ENTITLEMENTS = XAlignNew/XAlignNew.entitlements;
				CODE_SIGN_STYLE = Automatic;
				COMBINE_HIDPI_IMAGES = YES;
				DEVELOPMENT_TEAM = 57E3993B9H;
				ENABLE_HARDENED_RUNTIME = YES;
				INFOPLIST_FILE = XAlignNew/Info.plist;
				LD_RUNPATH_SEARCH_PATHS = (
					"$(inherited)",
					"@executable_path/../Frameworks",
				);
				PRODUCT_BUNDLE_IDENTIFIER = come.lxl.XAlignNew;
				PRODUCT_NAME = "$(TARGET_NAME)";
			};
			name = Release;
		};
/* End XCBuildConfiguration section */

/* Begin XCConfigurationList section */
		31E65EAE2592E9BF00BC156B /* Build configuration list for PBXProject "XAlignNew" */ = {
			isa = XCConfigurationList;
			buildConfigurations = (
				31E65EC52592E9C200BC156B /* Debug */,
				31E65EC62592E9C200BC156B /* Release */,
			);
			defaultConfigurationIsVisible = 0;
			defaultConfigurationName = Release;
		};
		31E65EC72592E9C200BC156B /* Build configuration list for PBXNativeTarget "XAlignNew" */ = {
			isa = XCConfigurationList;
			buildConfigurations = (
				31E65EC82592E9C200BC156B /* Debug */,
				31E65EC92592E9C200BC156B /* Release */,
			);
			defaultConfigurationIsVisible = 0;
			defaultConfigurationName = Release;
		};
/* End XCConfigurationList section */
	};
	rootObject = 31E65EAB2592E9BF00BC156B /* Project object */;
}
